
Microsoft Visual Studio Solution File, Format Version 12.00
# Visual Studio Version 17
VisualStudioVersion = 17.3.32901.215
MinimumVisualStudioVersion = 10.0.40219.1
Project("{FAE04EC0-301F-11D3-BF4B-00C04F79EFBC}") = "DEL", "DEL\DEL.csproj", "{88C0E61C-8F7F-46AD-87F0-7A6153CAF873}"
EndProject
Global
	GlobalSection(SolutionConfigurationPlatforms) = preSolution
		Debug|Any CPU = Debug|Any CPU
		Release|Any CPU = Release|Any CPU
	EndGlobalSection
	GlobalSection(ProjectConfigurationPlatforms) = postSolution
		{88C0E61C-8F7F-46AD-87F0-7A6153CAF873}.Debug|Any CPU.ActiveCfg = Debug|Any CPU
		{88C0E61C-8F7F-46AD-87F0-7A6153CAF873}.Debug|Any CPU.Build.0 = Debug|Any CPU
		{88C0E61C-8F7F-46AD-87F0-7A6153CAF873}.Release|Any CPU.ActiveCfg = Release|Any CPU
		{88C0E61C-8F7F-46AD-87F0-7A6153CAF873}.Release|Any CPU.Build.0 = Release|Any CPU
	EndGlobalSection
	GlobalSection(SolutionProperties) = preSolution
		HideSolutionNode = FALSE
	EndGlobalSection
	GlobalSection(ExtensibilityGlobals) = postSolution
		SolutionGuid = {C8EA8DDB-2F9E-4592-A8C1-78CF7CD524A3}
	EndGlobalSection
EndGlobal
